
Microsoft Visual Studio Solution File, Format Version 12.00
# Visual Studio Version 17
VisualStudioVersion = 17.5.33516.290
MinimumVisualStudioVersion = 10.0.40219.1
Project("{FAE04EC0-301F-11D3-BF4B-00C04F79EFBC}") = "TextEditor", "TextEditor.csproj", "{6AF8DA8E-C75B-4472-98E8-23C94EFE388B}"
EndProject
Global
	GlobalSection(SolutionConfigurationPlatforms) = preSolution
		Debug|Any CPU = Debug|Any CPU
		Release|Any CPU = Release|Any CPU
	EndGlobalSection
	GlobalSection(ProjectConfigurationPlatforms) = postSolution
		{6AF8DA8E-C75B-4472-98E8-23C94EFE388B}.Debug|Any CPU.ActiveCfg = Debug|Any CPU
		{6AF8DA8E-C75B-4472-98E8-23C94EFE388B}.Debug|Any CPU.Build.0 = Debug|Any CPU
		{6AF8DA8E-C75B-4472-98E8-23C94EFE388B}.Release|Any CPU.ActiveCfg = Release|Any CPU
		{6AF8DA8E-C75B-4472-98E8-23C94EFE388B}.Release|Any CPU.Build.0 = Release|Any CPU
	EndGlobalSection
	GlobalSection(SolutionProperties) = preSolution
		HideSolutionNode = FALSE
	EndGlobalSection
	GlobalSection(ExtensibilityGlobals) = postSolution
		SolutionGuid = {6000F1FE-5D12-4777-960D-39DAD22D6D5C}
	EndGlobalSection
EndGlobal
